// !$*UTF8*$!
{
	archiveVersion = 1;
	classes = {
	};
	objectVersion = 46;
	objects = {

/* Begin PBXBuildFile section */
		610C3B8D1C252B9E007DB909 /* DemoDropdownMenuManager.swift in Sources */ = {isa = PBXBuildFile; fileRef = 610C3B8C1C252B9E007DB909 /* DemoDropdownMenuManager.swift */; };
		614DAC8A1C2AFEAF0063CAD4 /* DropdownMenu+Types.swift in Sources */ = {isa = PBXBuildFile; fileRef = 614DAC7E1C2AFEAF0063CAD4 /* DropdownMenu+Types.swift */; };
		614DAC8B1C2AFEAF0063CAD4 /* DropdownMenu.xcassets in Resources */ = {isa = PBXBuildFile; fileRef = 614DAC7F1C2AFEAF0063CAD4 /* DropdownMenu.xcassets */; };
		614DAC8C1C2AFEAF0063CAD4 /* DropdownMenuConfiguration.swift in Sources */ = {isa = PBXBuildFile; fileRef = 614DAC801C2AFEAF0063CAD4 /* DropdownMenuConfiguration.swift */; };
		614DAC8D1C2AFEAF0063CAD4 /* DropdownMenuViewController+CollectionView.swift in Sources */ = {isa = PBXBuildFile; fileRef = 614DAC811C2AFEAF0063CAD4 /* DropdownMenuViewController+CollectionView.swift */; };
		614DAC8E1C2AFEAF0063CAD4 /* DropdownMenuViewController+TableView.swift in Sources */ = {isa = PBXBuildFile; fileRef = 614DAC821C2AFEAF0063CAD4 /* DropdownMenuViewController+TableView.swift */; };
		614DAC8F1C2AFEAF0063CAD4 /* DropdownMenuViewController.swift in Sources */ = {isa = PBXBuildFile; fileRef = 614DAC831C2AFEAF0063CAD4 /* DropdownMenuViewController.swift */; };
		614DAC901C2AFEAF0063CAD4 /* UIView+AutoLayout.swift in Sources */ = {isa = PBXBuildFile; fileRef = 614DAC841C2AFEAF0063CAD4 /* UIView+AutoLayout.swift */; };
		614DAC911C2AFEAF0063CAD4 /* DorpdownMainMenu.swift in Sources */ = {isa = PBXBuildFile; fileRef = 614DAC861C2AFEAF0063CAD4 /* DorpdownMainMenu.swift */; };
		614DAC921C2AFEAF0063CAD4 /* DropdownSubmenu.swift in Sources */ = {isa = PBXBuildFile; fileRef = 614DAC871C2AFEAF0063CAD4 /* DropdownSubmenu.swift */; };
		614DAC931C2AFEAF0063CAD4 /* DropdownSubmenuCollectionView.swift in Sources */ = {isa = PBXBuildFile; fileRef = 614DAC881C2AFEAF0063CAD4 /* DropdownSubmenuCollectionView.swift */; };
		614DAC941C2AFEAF0063CAD4 /* DropdownSubmenuTableView.swift in Sources */ = {isa = PBXBuildFile; fileRef = 614DAC891C2AFEAF0063CAD4 /* DropdownSubmenuTableView.swift */; };
		614DAC981C2B01050063CAD4 /* FontManager.swift in Sources */ = {isa = PBXBuildFile; fileRef = 614DAC971C2B01050063CAD4 /* FontManager.swift */; };
		614DAC9A1C2B01290063CAD4 /* ColorManager.swift in Sources */ = {isa = PBXBuildFile; fileRef = 614DAC991C2B01290063CAD4 /* ColorManager.swift */; };
		614DAC9C1C2B01550063CAD4 /* AppColor+Utils.swift in Sources */ = {isa = PBXBuildFile; fileRef = 614DAC9B1C2B01550063CAD4 /* AppColor+Utils.swift */; };
		614DAC9E1C2B017D0063CAD4 /* Assets.xcassets in Resources */ = {isa = PBXBuildFile; fileRef = 614DAC9D1C2B017D0063CAD4 /* Assets.xcassets */; };
		6162CD241C2407F90094A00B /* AppDelegate.swift in Sources */ = {isa = PBXBuildFile; fileRef = 6162CD231C2407F90094A00B /* AppDelegate.swift */; };
		6162CD261C2407F90094A00B /* ViewController.swift in Sources */ = {isa = PBXBuildFile; fileRef = 6162CD251C2407F90094A00B /* ViewController.swift */; };
		6162CD291C2407F90094A00B /* Main.storyboard in Resources */ = {isa = PBXBuildFile; fileRef = 6162CD271C2407F90094A00B /* Main.storyboard */; };
		6162CD2E1C2407F90094A00B /* LaunchScreen.storyboard in Resources */ = {isa = PBXBuildFile; fileRef = 6162CD2C1C2407F90094A00B /* LaunchScreen.storyboard */; };
		6162CD391C2407F90094A00B /* TestMenuTests.swift in Sources */ = {isa = PBXBuildFile; fileRef = 6162CD381C2407F90094A00B /* TestMenuTests.swift */; };
		619A2A371C2B875900011B6E /* UIView+Utils.swift in Sources */ = {isa = PBXBuildFile; fileRef = 619A2A361C2B875900011B6E /* UIView+Utils.swift */; };
/* End PBXBuildFile section */

/* Begin PBXContainerItemProxy section */
		6162CD351C2407F90094A00B /* PBXContainerItemProxy */ = {
			isa = PBXContainerItemProxy;
			containerPortal = 6162CD181C2407F90094A00B /* Project object */;
			proxyType = 1;
			remoteGlobalIDString = 6162CD1F1C2407F90094A00B;
			remoteInfo = TestMenu;
		};
/* End PBXContainerItemProxy section */

/* Begin PBXFileReference section */
		610C3B8C1C252B9E007DB909 /* DemoDropdownMenuManager.swift */ = {isa = PBXFileReference; fileEncoding = 4; lastKnownFileType = sourcecode.swift; name = DemoDropdownMenuManager.swift; path = TestMenu/DemoDropdownMenuManager.swift; sourceTree = "<group>"; };
		614DAC7E1C2AFEAF0063CAD4 /* DropdownMenu+Types.swift */ = {isa = PBXFileReference; fileEncoding = 4; lastKnownFileType = sourcecode.swift; path = "DropdownMenu+Types.swift"; sourceTree = "<group>"; };
		614DAC7F1C2AFEAF0063CAD4 /* DropdownMenu.xcassets */ = {isa = PBXFileReference; lastKnownFileType = folder.assetcatalog; path = DropdownMenu.xcassets; sourceTree = "<group>"; };
		614DAC801C2AFEAF0063CAD4 /* DropdownMenuConfiguration.swift */ = {isa = PBXFileReference; fileEncoding = 4; lastKnownFileType = sourcecode.swift; path = DropdownMenuConfiguration.swift; sourceTree = "<group>"; };
		614DAC811C2AFEAF0063CAD4 /* DropdownMenuViewController+CollectionView.swift */ = {isa = PBXFileReference; fileEncoding = 4; lastKnownFileType = sourcecode.swift; path = "DropdownMenuViewController+CollectionView.swift"; sourceTree = "<group>"; };
		614DAC821C2AFEAF0063CAD4 /* DropdownMenuViewController+TableView.swift */ = {isa = PBXFileReference; fileEncoding = 4; lastKnownFileType = sourcecode.swift; path = "DropdownMenuViewController+TableView.swift"; sourceTree = "<group>"; };
		614DAC831C2AFEAF0063CAD4 /* DropdownMenuViewController.swift */ = {isa = PBXFileReference; fileEncoding = 4; lastKnownFileType = sourcecode.swift; path = DropdownMenuViewController.swift; sourceTree = "<group>"; };
		614DAC841C2AFEAF0063CAD4 /* UIView+AutoLayout.swift */ = {isa = PBXFileReference; fileEncoding = 4; lastKnownFileType = sourcecode.swift; path = "UIView+AutoLayout.swift"; sourceTree = "<group>"; };
		614DAC861C2AFEAF0063CAD4 /* DorpdownMainMenu.swift */ = {isa = PBXFileReference; fileEncoding = 4; lastKnownFileType = sourcecode.swift; path = DorpdownMainMenu.swift; sourceTree = "<group>"; };
		614DAC871C2AFEAF0063CAD4 /* DropdownSubmenu.swift */ = {isa = PBXFileReference; fileEncoding = 4; lastKnownFileType = sourcecode.swift; path = DropdownSubmenu.swift; sourceTree = "<group>"; };
		614DAC881C2AFEAF0063CAD4 /* DropdownSubmenuCollectionView.swift */ = {isa = PBXFileReference; fileEncoding = 4; lastKnownFileType = sourcecode.swift; path = DropdownSubmenuCollectionView.swift; sourceTree = "<group>"; };
		614DAC891C2AFEAF0063CAD4 /* DropdownSubmenuTableView.swift */ = {isa = PBXFileReference; fileEncoding = 4; lastKnownFileType = sourcecode.swift; path = DropdownSubmenuTableView.swift; sourceTree = "<group>"; };
		614DAC971C2B01050063CAD4 /* FontManager.swift */ = {isa = PBXFileReference; fileEncoding = 4; lastKnownFileType = sourcecode.swift; path = FontManager.swift; sourceTree = "<group>"; };
		614DAC991C2B01290063CAD4 /* ColorManager.swift */ = {isa = PBXFileReference; fileEncoding = 4; lastKnownFileType = sourcecode.swift; path = ColorManager.swift; sourceTree = "<group>"; };
		614DAC9B1C2B01550063CAD4 /* AppColor+Utils.swift */ = {isa = PBXFileReference; fileEncoding = 4; lastKnownFileType = sourcecode.swift; path = "AppColor+Utils.swift"; sourceTree = "<group>"; };
		614DAC9D1C2B017D0063CAD4 /* Assets.xcassets */ = {isa = PBXFileReference; lastKnownFileType = folder.assetcatalog; path = Assets.xcassets; sourceTree = "<group>"; };
		6162CD201C2407F90094A00B /* TestMenu.app */ = {isa = PBXFileReference; explicitFileType = wrapper.application; includeInIndex = 0; path = TestMenu.app; sourceTree = BUILT_PRODUCTS_DIR; };
		6162CD231C2407F90094A00B /* AppDelegate.swift */ = {isa = PBXFileReference; lastKnownFileType = sourcecode.swift; path = AppDelegate.swift; sourceTree = "<group>"; };
		6162CD251C2407F90094A00B /* ViewController.swift */ = {isa = PBXFileReference; lastKnownFileType = sourcecode.swift; name = ViewController.swift; path = TestMenu/ViewController.swift; sourceTree = "<group>"; };
		6162CD281C2407F90094A00B /* Base */ = {isa = PBXFileReference; lastKnownFileType = file.storyboard; name = Base; path = Base.lproj/Main.storyboard; sourceTree = "<group>"; };
		6162CD2D1C2407F90094A00B /* Base */ = {isa = PBXFileReference; lastKnownFileType = file.storyboard; name = Base; path = Base.lproj/LaunchScreen.storyboard; sourceTree = "<group>"; };
		6162CD2F1C2407F90094A00B /* Info.plist */ = {isa = PBXFileReference; lastKnownFileType = text.plist.xml; path = Info.plist; sourceTree = "<group>"; };
		6162CD341C2407F90094A00B /* TestMenuTests.xctest */ = {isa = PBXFileReference; explicitFileType = wrapper.cfbundle; includeInIndex = 0; path = TestMenuTests.xctest; sourceTree = BUILT_PRODUCTS_DIR; };
		6162CD381C2407F90094A00B /* TestMenuTests.swift */ = {isa = PBXFileReference; lastKnownFileType = sourcecode.swift; path = TestMenuTests.swift; sourceTree = "<group>"; };
		6162CD3A1C2407F90094A00B /* Info.plist */ = {isa = PBXFileReference; lastKnownFileType = text.plist.xml; path = Info.plist; sourceTree = "<group>"; };
		619A2A361C2B875900011B6E /* UIView+Utils.swift */ = {isa = PBXFileReference; fileEncoding = 4; lastKnownFileType = sourcecode.swift; path = "UIView+Utils.swift"; sourceTree = "<group>"; };
/* End PBXFileReference section */

/* Begin PBXFrameworksBuildPhase section */
		6162CD1D1C2407F90094A00B /* Frameworks */ = {
			isa = PBXFrameworksBuildPhase;
			buildActionMask = 2147483647;
			files = (
			);
			runOnlyForDeploymentPostprocessing = 0;
		};
		6162CD311C2407F90094A00B /* Frameworks */ = {
			isa = PBXFrameworksBuildPhase;
			buildActionMask = 2147483647;
			files = (
			);
			runOnlyForDeploymentPostprocessing = 0;
		};
/* End PBXFrameworksBuildPhase section */

/* Begin PBXGroup section */
		614DAC7C1C2AFBFC0063CAD4 /* Supporting Files */ = {
			isa = PBXGroup;
			children = (
				6162CD231C2407F90094A00B /* AppDelegate.swift */,
				614DAC9D1C2B017D0063CAD4 /* Assets.xcassets */,
				6162CD2F1C2407F90094A00B /* Info.plist */,
				6162CD2C1C2407F90094A00B /* LaunchScreen.storyboard */,
				6162CD271C2407F90094A00B /* Main.storyboard */,
			);
			path = "Supporting Files";
			sourceTree = "<group>";
		};
		614DAC7D1C2AFEAF0063CAD4 /* DropdownMenu */ = {
			isa = PBXGroup;
			children = (
				614DAC7E1C2AFEAF0063CAD4 /* DropdownMenu+Types.swift */,
				614DAC801C2AFEAF0063CAD4 /* DropdownMenuConfiguration.swift */,
				614DAC831C2AFEAF0063CAD4 /* DropdownMenuViewController.swift */,
				614DAC821C2AFEAF0063CAD4 /* DropdownMenuViewController+TableView.swift */,
				614DAC811C2AFEAF0063CAD4 /* DropdownMenuViewController+CollectionView.swift */,
				614DAC961C2B00780063CAD4 /* Utils */,
				614DAC851C2AFEAF0063CAD4 /* Views */,
				614DAC951C2B006E0063CAD4 /* Resource */,
			);
			path = DropdownMenu;
			sourceTree = "<group>";
		};
		614DAC851C2AFEAF0063CAD4 /* Views */ = {
			isa = PBXGroup;
			children = (
				614DAC861C2AFEAF0063CAD4 /* DorpdownMainMenu.swift */,
				614DAC871C2AFEAF0063CAD4 /* DropdownSubmenu.swift */,
				614DAC891C2AFEAF0063CAD4 /* DropdownSubmenuTableView.swift */,
				614DAC881C2AFEAF0063CAD4 /* DropdownSubmenuCollectionView.swift */,
			);
			path = Views;
			sourceTree = "<group>";
		};
		614DAC951C2B006E0063CAD4 /* Resource */ = {
			isa = PBXGroup;
			children = (
				614DAC7F1C2AFEAF0063CAD4 /* DropdownMenu.xcassets */,
			);
			path = Resource;
			sourceTree = "<group>";
		};
		614DAC961C2B00780063CAD4 /* Utils */ = {
			isa = PBXGroup;
			children = (
				619A2A361C2B875900011B6E /* UIView+Utils.swift */,
				614DAC991C2B01290063CAD4 /* ColorManager.swift */,
				614DAC971C2B01050063CAD4 /* FontManager.swift */,
				614DAC9B1C2B01550063CAD4 /* AppColor+Utils.swift */,
				614DAC841C2AFEAF0063CAD4 /* UIView+AutoLayout.swift */,
			);
			path = Utils;
			sourceTree = "<group>";
		};
		6162CD171C2407F90094A00B = {
			isa = PBXGroup;
			children = (
				610C3B8C1C252B9E007DB909 /* DemoDropdownMenuManager.swift */,
				6162CD251C2407F90094A00B /* ViewController.swift */,
				6162CD221C2407F90094A00B /* TestMenu */,
				6162CD211C2407F90094A00B /* Products */,
				6162CD371C2407F90094A00B /* TestMenuTests */,
			);
			sourceTree = "<group>";
		};
		6162CD211C2407F90094A00B /* Products */ = {
			isa = PBXGroup;
			children = (
				6162CD201C2407F90094A00B /* TestMenu.app */,
				6162CD341C2407F90094A00B /* TestMenuTests.xctest */,
			);
			name = Products;
			sourceTree = "<group>";
		};
		6162CD221C2407F90094A00B /* TestMenu */ = {
			isa = PBXGroup;
			children = (
				614DAC7D1C2AFEAF0063CAD4 /* DropdownMenu */,
				614DAC7C1C2AFBFC0063CAD4 /* Supporting Files */,
			);
			path = TestMenu;
			sourceTree = "<group>";
		};
		6162CD371C2407F90094A00B /* TestMenuTests */ = {
			isa = PBXGroup;
			children = (
				6162CD3A1C2407F90094A00B /* Info.plist */,
				6162CD381C2407F90094A00B /* TestMenuTests.swift */,
			);
			path = TestMenuTests;
			sourceTree = "<group>";
		};
/* End PBXGroup section */

/* Begin PBXNativeTarget section */
		6162CD1F1C2407F90094A00B /* TestMenu */ = {
			isa = PBXNativeTarget;
			buildConfigurationList = 6162CD3D1C2407F90094A00B /* Build configuration list for PBXNativeTarget "TestMenu" */;
			buildPhases = (
				6162CD1C1C2407F90094A00B /* Sources */,
				6162CD1D1C2407F90094A00B /* Frameworks */,
				6162CD1E1C2407F90094A00B /* Resources */,
			);
			buildRules = (
			);
			dependencies = (
			);
			name = TestMenu;
			productName = TestMenu;
			productReference = 6162CD201C2407F90094A00B /* TestMenu.app */;
			productType = "com.apple.product-type.application";
		};
		6162CD331C2407F90094A00B /* TestMenuTests */ = {
			isa = PBXNativeTarget;
			buildConfigurationList = 6162CD401C2407F90094A00B /* Build configuration list for PBXNativeTarget "TestMenuTests" */;
			buildPhases = (
				6162CD301C2407F90094A00B /* Sources */,
				6162CD311C2407F90094A00B /* Frameworks */,
				6162CD321C2407F90094A00B /* Resources */,
			);
			buildRules = (
			);
			dependencies = (
				6162CD361C2407F90094A00B /* PBXTargetDependency */,
			);
			name = TestMenuTests;
			productName = TestMenuTests;
			productReference = 6162CD341C2407F90094A00B /* TestMenuTests.xctest */;
			productType = "com.apple.product-type.bundle.unit-test";
		};
/* End PBXNativeTarget section */

/* Begin PBXProject section */
		6162CD181C2407F90094A00B /* Project object */ = {
			isa = PBXProject;
			attributes = {
				LastSwiftUpdateCheck = 0720;
				LastUpgradeCheck = 0720;
				ORGANIZATIONNAME = "Shannon's Dreamland";
				TargetAttributes = {
					6162CD1F1C2407F90094A00B = {
						CreatedOnToolsVersion = 7.2;
					};
					6162CD331C2407F90094A00B = {
						CreatedOnToolsVersion = 7.2;
						TestTargetID = 6162CD1F1C2407F90094A00B;
					};
				};
			};
			buildConfigurationList = 6162CD1B1C2407F90094A00B /* Build configuration list for PBXProject "TestMenu" */;
			compatibilityVersion = "Xcode 3.2";
			developmentRegion = English;
			hasScannedForEncodings = 0;
			knownRegions = (
				en,
				Base,
			);
			mainGroup = 6162CD171C2407F90094A00B;
			productRefGroup = 6162CD211C2407F90094A00B /* Products */;
			projectDirPath = "";
			projectRoot = "";
			targets = (
				6162CD1F1C2407F90094A00B /* TestMenu */,
				6162CD331C2407F90094A00B /* TestMenuTests */,
			);
		};
/* End PBXProject section */

/* Begin PBXResourcesBuildPhase section */
		6162CD1E1C2407F90094A00B /* Resources */ = {
			isa = PBXResourcesBuildPhase;
			buildActionMask = 2147483647;
			files = (
				6162CD2E1C2407F90094A00B /* LaunchScreen.storyboard in Resources */,
				6162CD291C2407F90094A00B /* Main.storyboard in Resources */,
				614DAC9E1C2B017D0063CAD4 /* Assets.xcassets in Resources */,
				614DAC8B1C2AFEAF0063CAD4 /* DropdownMenu.xcassets in Resources */,
			);
			runOnlyForDeploymentPostprocessing = 0;
		};
		6162CD321C2407F90094A00B /* Resources */ = {
			isa = PBXResourcesBuildPhase;
			buildActionMask = 2147483647;
			files = (
			);
			runOnlyForDeploymentPostprocessing = 0;
		};
/* End PBXResourcesBuildPhase section */

/* Begin PBXSourcesBuildPhase section */
		6162CD1C1C2407F90094A00B /* Sources */ = {
			isa = PBXSourcesBuildPhase;
			buildActionMask = 2147483647;
			files = (
				614DAC8F1C2AFEAF0063CAD4 /* DropdownMenuViewController.swift in Sources */,
				614DAC931C2AFEAF0063CAD4 /* DropdownSubmenuCollectionView.swift in Sources */,
				614DAC981C2B01050063CAD4 /* FontManager.swift in Sources */,
				614DAC941C2AFEAF0063CAD4 /* DropdownSubmenuTableView.swift in Sources */,
				614DAC901C2AFEAF0063CAD4 /* UIView+AutoLayout.swift in Sources */,
				614DAC921C2AFEAF0063CAD4 /* DropdownSubmenu.swift in Sources */,
				614DAC9A1C2B01290063CAD4 /* ColorManager.swift in Sources */,
				6162CD261C2407F90094A00B /* ViewController.swift in Sources */,
				614DAC8E1C2AFEAF0063CAD4 /* DropdownMenuViewController+TableView.swift in Sources */,
				614DAC8A1C2AFEAF0063CAD4 /* DropdownMenu+Types.swift in Sources */,
				614DAC8C1C2AFEAF0063CAD4 /* DropdownMenuConfiguration.swift in Sources */,
				614DAC9C1C2B01550063CAD4 /* AppColor+Utils.swift in Sources */,
				614DAC8D1C2AFEAF0063CAD4 /* DropdownMenuViewController+CollectionView.swift in Sources */,
				619A2A371C2B875900011B6E /* UIView+Utils.swift in Sources */,
				6162CD241C2407F90094A00B /* AppDelegate.swift in Sources */,
				614DAC911C2AFEAF0063CAD4 /* DorpdownMainMenu.swift in Sources */,
				610C3B8D1C252B9E007DB909 /* DemoDropdownMenuManager.swift in Sources */,
			);
			runOnlyForDeploymentPostprocessing = 0;
		};
		6162CD301C2407F90094A00B /* Sources */ = {
			isa = PBXSourcesBuildPhase;
			buildActionMask = 2147483647;
			files = (
				6162CD391C2407F90094A00B /* TestMenuTests.swift in Sources */,
			);
			runOnlyForDeploymentPostprocessing = 0;
		};
/* End PBXSourcesBuildPhase section */

/* Begin PBXTargetDependency section */
		6162CD361C2407F90094A00B /* PBXTargetDependency */ = {
			isa = PBXTargetDependency;
			target = 6162CD1F1C2407F90094A00B /* TestMenu */;
			targetProxy = 6162CD351C2407F90094A00B /* PBXContainerItemProxy */;
		};
/* End PBXTargetDependency section */

/* Begin PBXVariantGroup section */
		6162CD271C2407F90094A00B /* Main.storyboard */ = {
			isa = PBXVariantGroup;
			children = (
				6162CD281C2407F90094A00B /* Base */,
			);
			name = Main.storyboard;
			path = .;
			sourceTree = "<group>";
		};
		6162CD2C1C2407F90094A00B /* LaunchScreen.storyboard */ = {
			isa = PBXVariantGroup;
			children = (
				6162CD2D1C2407F90094A00B /* Base */,
			);
			name = LaunchScreen.storyboard;
			path = .;
			sourceTree = "<group>";
		};
/* End PBXVariantGroup section */

/* Begin XCBuildConfiguration section */
		6162CD3B1C2407F90094A00B /* Debug */ = {
			isa = XCBuildConfiguration;
			buildSettings = {
				ALWAYS_SEARCH_USER_PATHS = NO;
				CLANG_CXX_LANGUAGE_STANDARD = "gnu++0x";
				CLANG_CXX_LIBRARY = "libc++";
				CLANG_ENABLE_MODULES = YES;
				CLANG_ENABLE_OBJC_ARC = YES;
				CLANG_WARN_BOOL_CONVERSION = YES;
				CLANG_WARN_CONSTANT_CONVERSION = YES;
				CLANG_WARN_DIRECT_OBJC_ISA_USAGE = YES_ERROR;
				CLANG_WARN_EMPTY_BODY = YES;
				CLANG_WARN_ENUM_CONVERSION = YES;
				CLANG_WARN_INT_CONVERSION = YES;
				CLANG_WARN_OBJC_ROOT_CLASS = YES_ERROR;
				CLANG_WARN_UNREACHABLE_CODE = YES;
				CLANG_WARN__DUPLICATE_METHOD_MATCH = YES;
				"CODE_SIGN_IDENTITY[sdk=iphoneos*]" = "iPhone Developer";
				COPY_PHASE_STRIP = NO;
				DEBUG_INFORMATION_FORMAT = dwarf;
				ENABLE_STRICT_OBJC_MSGSEND = YES;
				ENABLE_TESTABILITY = YES;
				GCC_C_LANGUAGE_STANDARD = gnu99;
				GCC_DYNAMIC_NO_PIC = NO;
				GCC_NO_COMMON_BLOCKS = YES;
				GCC_OPTIMIZATION_LEVEL = 0;
				GCC_PREPROCESSOR_DEFINITIONS = (
					"DEBUG=1",
					"$(inherited)",
				);
				GCC_WARN_64_TO_32_BIT_CONVERSION = YES;
				GCC_WARN_ABOUT_RETURN_TYPE = YES_ERROR;
				GCC_WARN_UNDECLARED_SELECTOR = YES;
				GCC_WARN_UNINITIALIZED_AUTOS = YES_AGGRESSIVE;
				GCC_WARN_UNUSED_FUNCTION = YES;
				GCC_WARN_UNUSED_VARIABLE = YES;
				IPHONEOS_DEPLOYMENT_TARGET = 9.2;
				MTL_ENABLE_DEBUG_INFO = YES;
				ONLY_ACTIVE_ARCH = YES;
				SDKROOT = iphoneos;
				SWIFT_OPTIMIZATION_LEVEL = "-Onone";
				TARGETED_DEVICE_FAMILY = "1,2";
			};
			name = Debug;
		};
		6162CD3C1C2407F90094A00B /* Release */ = {
			isa = XCBuildConfiguration;
			buildSettings = {
				ALWAYS_SEARCH_USER_PATHS = NO;
				CLANG_CXX_LANGUAGE_STANDARD = "gnu++0x";
				CLANG_CXX_LIBRARY = "libc++";
				CLANG_ENABLE_MODULES = YES;
				CLANG_ENABLE_OBJC_ARC = YES;
				CLANG_WARN_BOOL_CONVERSION = YES;
				CLANG_WARN_CONSTANT_CONVERSION = YES;
				CLANG_WARN_DIRECT_OBJC_ISA_USAGE = YES_ERROR;
				CLANG_WARN_EMPTY_BODY = YES;
				CLANG_WARN_ENUM_CONVERSION = YES;
				CLANG_WARN_INT_CONVERSION = YES;
				CLANG_WARN_OBJC_ROOT_CLASS = YES_ERROR;
				CLANG_WARN_UNREACHABLE_CODE = YES;
				CLANG_WARN__DUPLICATE_METHOD_MATCH = YES;
				"CODE_SIGN_IDENTITY[sdk=iphoneos*]" = "iPhone Developer";
				COPY_PHASE_STRIP = NO;
				DEBUG_INFORMATION_FORMAT = "dwarf-with-dsym";
				ENABLE_NS_ASSERTIONS = NO;
				ENABLE_STRICT_OBJC_MSGSEND = YES;
				GCC_C_LANGUAGE_STANDARD = gnu99;
				GCC_NO_COMMON_BLOCKS = YES;
				GCC_WARN_64_TO_32_BIT_CONVERSION = YES;
				GCC_WARN_ABOUT_RETURN_TYPE = YES_ERROR;
				GCC_WARN_UNDECLARED_SELECTOR = YES;
				GCC_WARN_UNINITIALIZED_AUTOS = YES_AGGRESSIVE;
				GCC_WARN_UNUSED_FUNCTION = YES;
				GCC_WARN_UNUSED_VARIABLE = YES;
				IPHONEOS_DEPLOYMENT_TARGET = 9.2;
				MTL_ENABLE_DEBUG_INFO = NO;
				SDKROOT = iphoneos;
				TARGETED_DEVICE_FAMILY = "1,2";
				VALIDATE_PRODUCT = YES;
			};
			name = Release;
		};
		6162CD3E1C2407F90094A00B /* Debug */ = {
			isa = XCBuildConfiguration;
			buildSettings = {
				ASSETCATALOG_COMPILER_APPICON_NAME = AppIcon;
				INFOPLIST_FILE = "TestMenu/Supporting Files/Info.plist";
				IPHONEOS_DEPLOYMENT_TARGET = 8.0;
				LD_RUNPATH_SEARCH_PATHS = "$(inherited) @executable_path/Frameworks";
				PRODUCT_BUNDLE_IDENTIFIER = com.redesignapp.ios.demo.TestMenu;
				PRODUCT_NAME = "$(TARGET_NAME)";
			};
			name = Debug;
		};
		6162CD3F1C2407F90094A00B /* Release */ = {
			isa = XCBuildConfiguration;
			buildSettings = {
				ASSETCATALOG_COMPILER_APPICON_NAME = AppIcon;
				INFOPLIST_FILE = "TestMenu/Supporting Files/Info.plist";
				IPHONEOS_DEPLOYMENT_TARGET = 8.0;
				LD_RUNPATH_SEARCH_PATHS = "$(inherited) @executable_path/Frameworks";
				PRODUCT_BUNDLE_IDENTIFIER = com.redesignapp.ios.demo.TestMenu;
				PRODUCT_NAME = "$(TARGET_NAME)";
			};
			name = Release;
		};
		6162CD411C2407F90094A00B /* Debug */ = {
			isa = XCBuildConfiguration;
			buildSettings = {
				BUNDLE_LOADER = "$(TEST_HOST)";
				INFOPLIST_FILE = TestMenuTests/Info.plist;
				LD_RUNPATH_SEARCH_PATHS = "$(inherited) @executable_path/Frameworks @loader_path/Frameworks";
				PRODUCT_BUNDLE_IDENTIFIER = com.redesignapp.ios.demo.TestMenuTests;
				PRODUCT_NAME = "$(TARGET_NAME)";
				TEST_HOST = "$(BUILT_PRODUCTS_DIR)/TestMenu.app/TestMenu";
			};
			name = Debug;
		};
		6162CD421C2407F90094A00B /* Release */ = {
			isa = XCBuildConfiguration;
			buildSettings = {
				BUNDLE_LOADER = "$(TEST_HOST)";
				INFOPLIST_FILE = TestMenuTests/Info.plist;
				LD_RUNPATH_SEARCH_PATHS = "$(inherited) @executable_path/Frameworks @loader_path/Frameworks";
				PRODUCT_BUNDLE_IDENTIFIER = com.redesignapp.ios.demo.TestMenuTests;
				PRODUCT_NAME = "$(TARGET_NAME)";
				TEST_HOST = "$(BUILT_PRODUCTS_DIR)/TestMenu.app/TestMenu";
			};
			name = Release;
		};
/* End XCBuildConfiguration section */

/* Begin XCConfigurationList section */
		6162CD1B1C2407F90094A00B /* Build configuration list for PBXProject "TestMenu" */ = {
			isa = XCConfigurationList;
			buildConfigurations = (
				6162CD3B1C2407F90094A00B /* Debug */,
				6162CD3C1C2407F90094A00B /* Release */,
			);
			defaultConfigurationIsVisible = 0;
			defaultConfigurationName = Release;
		};
		6162CD3D1C2407F90094A00B /* Build configuration list for PBXNativeTarget "TestMenu" */ = {
			isa = XCConfigurationList;
			buildConfigurations = (
				6162CD3E1C2407F90094A00B /* Debug */,
				6162CD3F1C2407F90094A00B /* Release */,
			);
			defaultConfigurationIsVisible = 0;
			defaultConfigurationName = Release;
		};
		6162CD401C2407F90094A00B /* Build configuration list for PBXNativeTarget "TestMenuTests" */ = {
			isa = XCConfigurationList;
			buildConfigurations = (
				6162CD411C2407F90094A00B /* Debug */,
				6162CD421C2407F90094A00B /* Release */,
			);
			defaultConfigurationIsVisible = 0;
			defaultConfigurationName = Release;
		};
/* End XCConfigurationList section */
	};
	rootObject = 6162CD181C2407F90094A00B /* Project object */;
}
